
Microsoft Visual Studio Solution File, Format Version 12.00
# Visual Studio 15
VisualStudioVersion = 15.0.27130.2024
MinimumVisualStudioVersion = 10.0.40219.1
Project("{FAE04EC0-301F-11D3-BF4B-00C04F79EFBC}") = "Automatron.Interfaces", "Automatron.Interfaces\Automatron.Interfaces.csproj", "{C4527A9B-ED19-4DF7-80BE-51A4A1F609BF}"
EndProject
Global
	GlobalSection(SolutionConfigurationPlatforms) = preSolution
		Debug|Any CPU = Debug|Any CPU
		Release|Any CPU = Release|Any CPU
	EndGlobalSection
	GlobalSection(ProjectConfigurationPlatforms) = postSolution
		{C4527A9B-ED19-4DF7-80BE-51A4A1F609BF}.Debug|Any CPU.ActiveCfg = Debug|Any CPU
		{C4527A9B-ED19-4DF7-80BE-51A4A1F609BF}.Debug|Any CPU.Build.0 = Debug|Any CPU
		{C4527A9B-ED19-4DF7-80BE-51A4A1F609BF}.Release|Any CPU.ActiveCfg = Release|Any CPU
		{C4527A9B-ED19-4DF7-80BE-51A4A1F609BF}.Release|Any CPU.Build.0 = Release|Any CPU
	EndGlobalSection
	GlobalSection(SolutionProperties) = preSolution
		HideSolutionNode = FALSE
	EndGlobalSection
	GlobalSection(ExtensibilityGlobals) = postSolution
		SolutionGuid = {BDBD7730-5973-4D37-BE1B-619D24655149}
	EndGlobalSection
EndGlobal
