
Microsoft Visual Studio Solution File, Format Version 12.00
# Visual Studio 15
VisualStudioVersion = 15.0.27130.2027
MinimumVisualStudioVersion = 10.0.40219.1
Project("{FAE04EC0-301F-11D3-BF4B-00C04F79EFBC}") = "Automatron.Interfaces", "Common\Automatron.Interfaces\Automatron.Interfaces.csproj", "{C4527A9B-ED19-4DF7-80BE-51A4A1F609BF}"
EndProject
Project("{2150E333-8FDC-42A3-9474-1A3956D46DE8}") = "UI", "UI", "{6BE880FB-5421-4E54-850E-2AEE07507222}"
EndProject
Project("{2150E333-8FDC-42A3-9474-1A3956D46DE8}") = "Common", "Common", "{69DDE19B-A5C0-4410-94DB-3E80F8C00706}"
EndProject
Project("{2150E333-8FDC-42A3-9474-1A3956D46DE8}") = "Modules", "Modules", "{C3E8D216-BB48-4F6D-B934-D9007787DCD5}"
EndProject
Project("{FAE04EC0-301F-11D3-BF4B-00C04F79EFBC}") = "Automatron.Core", "Common\Automatron.Core\Automatron.Core.csproj", "{75380AB2-4BAD-41AD-A7F6-183CA954C0C9}"
EndProject
Global
	GlobalSection(SolutionConfigurationPlatforms) = preSolution
		Debug|Any CPU = Debug|Any CPU
		Release|Any CPU = Release|Any CPU
	EndGlobalSection
	GlobalSection(ProjectConfigurationPlatforms) = postSolution
		{C4527A9B-ED19-4DF7-80BE-51A4A1F609BF}.Debug|Any CPU.ActiveCfg = Debug|Any CPU
		{C4527A9B-ED19-4DF7-80BE-51A4A1F609BF}.Debug|Any CPU.Build.0 = Debug|Any CPU
		{C4527A9B-ED19-4DF7-80BE-51A4A1F609BF}.Release|Any CPU.ActiveCfg = Release|Any CPU
		{C4527A9B-ED19-4DF7-80BE-51A4A1F609BF}.Release|Any CPU.Build.0 = Release|Any CPU
		{75380AB2-4BAD-41AD-A7F6-183CA954C0C9}.Debug|Any CPU.ActiveCfg = Debug|Any CPU
		{75380AB2-4BAD-41AD-A7F6-183CA954C0C9}.Debug|Any CPU.Build.0 = Debug|Any CPU
		{75380AB2-4BAD-41AD-A7F6-183CA954C0C9}.Release|Any CPU.ActiveCfg = Release|Any CPU
		{75380AB2-4BAD-41AD-A7F6-183CA954C0C9}.Release|Any CPU.Build.0 = Release|Any CPU
	EndGlobalSection
	GlobalSection(SolutionProperties) = preSolution
		HideSolutionNode = FALSE
	EndGlobalSection
	GlobalSection(NestedProjects) = preSolution
		{C4527A9B-ED19-4DF7-80BE-51A4A1F609BF} = {69DDE19B-A5C0-4410-94DB-3E80F8C00706}
		{75380AB2-4BAD-41AD-A7F6-183CA954C0C9} = {69DDE19B-A5C0-4410-94DB-3E80F8C00706}
	EndGlobalSection
	GlobalSection(ExtensibilityGlobals) = postSolution
		SolutionGuid = {BDBD7730-5973-4D37-BE1B-619D24655149}
	EndGlobalSection
EndGlobal
